
Microsoft Visual Studio Solution File, Format Version 12.00
# Visual Studio Version 16
VisualStudioVersion = 16.0.32106.194
MinimumVisualStudioVersion = 10.0.40219.1
Project("{FAE04EC0-301F-11D3-BF4B-00C04F79EFBC}") = "Cau1", "Cau1\Cau1.csproj", "{7BE2F592-A6A6-4D70-9247-1D129E9BB777}"
EndProject
Global
	GlobalSection(SolutionConfigurationPlatforms) = preSolution
		Debug|Any CPU = Debug|Any CPU
		Release|Any CPU = Release|Any CPU
	EndGlobalSection
	GlobalSection(ProjectConfigurationPlatforms) = postSolution
		{7BE2F592-A6A6-4D70-9247-1D129E9BB777}.Debug|Any CPU.ActiveCfg = Debug|Any CPU
		{7BE2F592-A6A6-4D70-9247-1D129E9BB777}.Debug|Any CPU.Build.0 = Debug|Any CPU
		{7BE2F592-A6A6-4D70-9247-1D129E9BB777}.Release|Any CPU.ActiveCfg = Release|Any CPU
		{7BE2F592-A6A6-4D70-9247-1D129E9BB777}.Release|Any CPU.Build.0 = Release|Any CPU
	EndGlobalSection
	GlobalSection(SolutionProperties) = preSolution
		HideSolutionNode = FALSE
	EndGlobalSection
	GlobalSection(ExtensibilityGlobals) = postSolution
		SolutionGuid = {6C87C04B-551F-4C89-88BB-7534FF31D73B}
	EndGlobalSection
EndGlobal
